
Microsoft Visual Studio Solution File, Format Version 12.00
# Visual Studio Version 17
VisualStudioVersion = 17.0.32112.339
MinimumVisualStudioVersion = 10.0.40219.1
Project("{9A19103F-16F7-4668-BE54-9A1E7A4F7556}") = "PassMan", "PassMan\PassMan.csproj", "{5826C27C-CE5F-480E-B0B9-C51EDD398688}"
EndProject
Project("{9A19103F-16F7-4668-BE54-9A1E7A4F7556}") = "PassMan.Core", "PassMan.Core\PassMan.Core.csproj", "{B78BEF97-9AED-460D-B5F5-E2BC8EBF5782}"
EndProject
Project("{FAE04EC0-301F-11D3-BF4B-00C04F79EFBC}") = "PassMan(Android)", "PassMan(Android)\PassMan(Android).csproj", "{7EF1C299-1126-4BBA-88BF-5E229D426826}"
EndProject
Project("{9A19103F-16F7-4668-BE54-9A1E7A4F7556}") = "PassMan.Maui", "PassMan.Maui\PassMan.Maui.csproj", "{F3461A6E-0ABA-4516-9896-B3CAD7FDA80E}"
EndProject
Project("{9A19103F-16F7-4668-BE54-9A1E7A4F7556}") = "PassMan.API", "PassMan.API\PassMan.API.csproj", "{17787933-DCD2-4FAB-8050-1635CC0D4C42}"
EndProject
Project("{FAE04EC0-301F-11D3-BF4B-00C04F79EFBC}") = "PassMan.Server", "PassMan.Server\PassMan.Server.csproj", "{F5C33BB0-97A0-45A6-89EF-E1E48ADFE1F7}"
EndProject
Global
	GlobalSection(SolutionConfigurationPlatforms) = preSolution
		Debug|Any CPU = Debug|Any CPU
		Release|Any CPU = Release|Any CPU
	EndGlobalSection
	GlobalSection(ProjectConfigurationPlatforms) = postSolution
		{5826C27C-CE5F-480E-B0B9-C51EDD398688}.Debug|Any CPU.ActiveCfg = Debug|Any CPU
		{5826C27C-CE5F-480E-B0B9-C51EDD398688}.Debug|Any CPU.Build.0 = Debug|Any CPU
		{5826C27C-CE5F-480E-B0B9-C51EDD398688}.Release|Any CPU.ActiveCfg = Release|Any CPU
		{5826C27C-CE5F-480E-B0B9-C51EDD398688}.Release|Any CPU.Build.0 = Release|Any CPU
		{B78BEF97-9AED-460D-B5F5-E2BC8EBF5782}.Debug|Any CPU.ActiveCfg = Debug|Any CPU
		{B78BEF97-9AED-460D-B5F5-E2BC8EBF5782}.Debug|Any CPU.Build.0 = Debug|Any CPU
		{B78BEF97-9AED-460D-B5F5-E2BC8EBF5782}.Release|Any CPU.ActiveCfg = Release|Any CPU
		{B78BEF97-9AED-460D-B5F5-E2BC8EBF5782}.Release|Any CPU.Build.0 = Release|Any CPU
		{7EF1C299-1126-4BBA-88BF-5E229D426826}.Debug|Any CPU.ActiveCfg = Debug|Any CPU
		{7EF1C299-1126-4BBA-88BF-5E229D426826}.Debug|Any CPU.Build.0 = Debug|Any CPU
		{7EF1C299-1126-4BBA-88BF-5E229D426826}.Debug|Any CPU.Deploy.0 = Debug|Any CPU
		{7EF1C299-1126-4BBA-88BF-5E229D426826}.Release|Any CPU.ActiveCfg = Release|Any CPU
		{7EF1C299-1126-4BBA-88BF-5E229D426826}.Release|Any CPU.Build.0 = Release|Any CPU
		{7EF1C299-1126-4BBA-88BF-5E229D426826}.Release|Any CPU.Deploy.0 = Release|Any CPU
		{F3461A6E-0ABA-4516-9896-B3CAD7FDA80E}.Debug|Any CPU.ActiveCfg = Debug|Any CPU
		{F3461A6E-0ABA-4516-9896-B3CAD7FDA80E}.Debug|Any CPU.Build.0 = Debug|Any CPU
		{F3461A6E-0ABA-4516-9896-B3CAD7FDA80E}.Debug|Any CPU.Deploy.0 = Debug|Any CPU
		{F3461A6E-0ABA-4516-9896-B3CAD7FDA80E}.Release|Any CPU.ActiveCfg = Release|Any CPU
		{F3461A6E-0ABA-4516-9896-B3CAD7FDA80E}.Release|Any CPU.Build.0 = Release|Any CPU
		{F3461A6E-0ABA-4516-9896-B3CAD7FDA80E}.Release|Any CPU.Deploy.0 = Release|Any CPU
		{17787933-DCD2-4FAB-8050-1635CC0D4C42}.Debug|Any CPU.ActiveCfg = Debug|Any CPU
		{17787933-DCD2-4FAB-8050-1635CC0D4C42}.Debug|Any CPU.Build.0 = Debug|Any CPU
		{17787933-DCD2-4FAB-8050-1635CC0D4C42}.Release|Any CPU.ActiveCfg = Release|Any CPU
		{17787933-DCD2-4FAB-8050-1635CC0D4C42}.Release|Any CPU.Build.0 = Release|Any CPU
		{F5C33BB0-97A0-45A6-89EF-E1E48ADFE1F7}.Debug|Any CPU.ActiveCfg = Debug|Any CPU
		{F5C33BB0-97A0-45A6-89EF-E1E48ADFE1F7}.Debug|Any CPU.Build.0 = Debug|Any CPU
		{F5C33BB0-97A0-45A6-89EF-E1E48ADFE1F7}.Release|Any CPU.ActiveCfg = Release|Any CPU
		{F5C33BB0-97A0-45A6-89EF-E1E48ADFE1F7}.Release|Any CPU.Build.0 = Release|Any CPU
	EndGlobalSection
	GlobalSection(SolutionProperties) = preSolution
		HideSolutionNode = FALSE
	EndGlobalSection
	GlobalSection(ExtensibilityGlobals) = postSolution
		SolutionGuid = {F349B75C-2D40-4930-B39B-4DF5E5A754A9}
	EndGlobalSection
EndGlobal
